
Microsoft Visual Studio Solution File, Format Version 12.00
# Visual Studio Version 16
VisualStudioVersion = 16.0.30225.117
MinimumVisualStudioVersion = 10.0.40219.1
Project("{2150E333-8FDC-42A3-9474-1A3956D46DE8}") = "src", "src", "{E621BAC1-B49A-406A-A698-BEA0F2F7F205}"
EndProject
Project("{FAE04EC0-301F-11D3-BF4B-00C04F79EFBC}") = "MonitorStr.Sample", "src\MonitorStr.Sample\MonitorStr.Sample.csproj", "{BD41363F-8AB3-4693-971E-A920F1E84110}"
EndProject
Global
	GlobalSection(SolutionConfigurationPlatforms) = preSolution
		Debug|Any CPU = Debug|Any CPU
		Release|Any CPU = Release|Any CPU
	EndGlobalSection
	GlobalSection(ProjectConfigurationPlatforms) = postSolution
		{BD41363F-8AB3-4693-971E-A920F1E84110}.Debug|Any CPU.ActiveCfg = Debug|Any CPU
		{BD41363F-8AB3-4693-971E-A920F1E84110}.Debug|Any CPU.Build.0 = Debug|Any CPU
		{BD41363F-8AB3-4693-971E-A920F1E84110}.Release|Any CPU.ActiveCfg = Release|Any CPU
		{BD41363F-8AB3-4693-971E-A920F1E84110}.Release|Any CPU.Build.0 = Release|Any CPU
	EndGlobalSection
	GlobalSection(SolutionProperties) = preSolution
		HideSolutionNode = FALSE
	EndGlobalSection
	GlobalSection(NestedProjects) = preSolution
		{BD41363F-8AB3-4693-971E-A920F1E84110} = {E621BAC1-B49A-406A-A698-BEA0F2F7F205}
	EndGlobalSection
	GlobalSection(ExtensibilityGlobals) = postSolution
		SolutionGuid = {FF94178C-0981-4593-B3A2-380B2AF99507}
	EndGlobalSection
EndGlobal
